// !$*UTF8*$!
{
	archiveVersion = 1;
	classes = {
	};
	objectVersion = 46;
	objects = {

/* Begin PBXBuildFile section */
		4B4BB9F61D851153000FD3E8 /* CloudKit.framework in Frameworks */ = {isa = PBXBuildFile; fileRef = 4B4BB9F51D851153000FD3E8 /* CloudKit.framework */; };
		4B4BB9FA1D86F3A0000FD3E8 /* SearchableRecord.swift in Sources */ = {isa = PBXBuildFile; fileRef = 4B4BB9F91D86F3A0000FD3E8 /* SearchableRecord.swift */; };
		4B4BBA441D87E555000FD3E8 /* PhotoSelectViewController.swift in Sources */ = {isa = PBXBuildFile; fileRef = 4B4BBA431D87E555000FD3E8 /* PhotoSelectViewController.swift */; };
		4B4BBA951D88D81B000FD3E8 /* CloudKitManager.swift in Sources */ = {isa = PBXBuildFile; fileRef = 4B4BBA941D88D81B000FD3E8 /* CloudKitManager.swift */; };
		4B7D6E881D8374C800A665D9 /* AppDelegate.swift in Sources */ = {isa = PBXBuildFile; fileRef = 4B7D6E871D8374C800A665D9 /* AppDelegate.swift */; };
		4B7D6E8D1D8374C800A665D9 /* Main.storyboard in Resources */ = {isa = PBXBuildFile; fileRef = 4B7D6E8B1D8374C800A665D9 /* Main.storyboard */; };
		4B7D6E8F1D8374C800A665D9 /* Assets.xcassets in Resources */ = {isa = PBXBuildFile; fileRef = 4B7D6E8E1D8374C800A665D9 /* Assets.xcassets */; };
		4B7D6E921D8374C800A665D9 /* LaunchScreen.storyboard in Resources */ = {isa = PBXBuildFile; fileRef = 4B7D6E901D8374C800A665D9 /* LaunchScreen.storyboard */; };
		4BB51FCA1D84897400B8C6EA /* PostListTableViewController.swift in Sources */ = {isa = PBXBuildFile; fileRef = 4BB51FC91D84897400B8C6EA /* PostListTableViewController.swift */; };
		4BB51FCE1D848ED500B8C6EA /* PostDetailTableViewController.swift in Sources */ = {isa = PBXBuildFile; fileRef = 4BB51FCD1D848ED500B8C6EA /* PostDetailTableViewController.swift */; };
		4BB51FD01D84945700B8C6EA /* AddPostTableViewController.swift in Sources */ = {isa = PBXBuildFile; fileRef = 4BB51FCF1D84945700B8C6EA /* AddPostTableViewController.swift */; };
		4BB51FD21D8495A900B8C6EA /* SearchResultsTableViewController.swift in Sources */ = {isa = PBXBuildFile; fileRef = 4BB51FD11D8495A900B8C6EA /* SearchResultsTableViewController.swift */; };
		4BB51FD41D84977000B8C6EA /* Post.swift in Sources */ = {isa = PBXBuildFile; fileRef = 4BB51FD31D84977000B8C6EA /* Post.swift */; };
		4BB51FD81D849F2200B8C6EA /* NetworkController.swift in Sources */ = {isa = PBXBuildFile; fileRef = 4BB51FD71D849F2200B8C6EA /* NetworkController.swift */; };
		4BB51FDD1D849FBC00B8C6EA /* Comment.swift in Sources */ = {isa = PBXBuildFile; fileRef = 4BB51FDC1D849FBC00B8C6EA /* Comment.swift */; };
		4BB51FDF1D84A22F00B8C6EA /* PostController.swift in Sources */ = {isa = PBXBuildFile; fileRef = 4BB51FDE1D84A22F00B8C6EA /* PostController.swift */; };
		4BB51FE41D84AA4A00B8C6EA /* PostTableViewCell.swift in Sources */ = {isa = PBXBuildFile; fileRef = 4BB51FE31D84AA4A00B8C6EA /* PostTableViewCell.swift */; };
/* End PBXBuildFile section */

/* Begin PBXFileReference section */
		4B4BB9F51D851153000FD3E8 /* CloudKit.framework */ = {isa = PBXFileReference; lastKnownFileType = wrapper.framework; name = CloudKit.framework; path = System/Library/Frameworks/CloudKit.framework; sourceTree = SDKROOT; };
		4B4BB9F91D86F3A0000FD3E8 /* SearchableRecord.swift */ = {isa = PBXFileReference; fileEncoding = 4; lastKnownFileType = sourcecode.swift; path = SearchableRecord.swift; sourceTree = "<group>"; };
		4B4BBA431D87E555000FD3E8 /* PhotoSelectViewController.swift */ = {isa = PBXFileReference; fileEncoding = 4; lastKnownFileType = sourcecode.swift; name = PhotoSelectViewController.swift; path = ../PhotoSelectViewController.swift; sourceTree = "<group>"; };
		4B4BBA941D88D81B000FD3E8 /* CloudKitManager.swift */ = {isa = PBXFileReference; fileEncoding = 4; lastKnownFileType = sourcecode.swift; path = CloudKitManager.swift; sourceTree = "<group>"; };
		4B7D6E841D8374C800A665D9 /* TImeline.app */ = {isa = PBXFileReference; explicitFileType = wrapper.application; includeInIndex = 0; path = TImeline.app; sourceTree = BUILT_PRODUCTS_DIR; };
		4B7D6E871D8374C800A665D9 /* AppDelegate.swift */ = {isa = PBXFileReference; lastKnownFileType = sourcecode.swift; path = AppDelegate.swift; sourceTree = "<group>"; };
		4B7D6E8C1D8374C800A665D9 /* Base */ = {isa = PBXFileReference; lastKnownFileType = file.storyboard; name = Base; path = Base.lproj/Main.storyboard; sourceTree = "<group>"; };
		4B7D6E8E1D8374C800A665D9 /* Assets.xcassets */ = {isa = PBXFileReference; lastKnownFileType = folder.assetcatalog; path = Assets.xcassets; sourceTree = "<group>"; };
		4B7D6E911D8374C800A665D9 /* Base */ = {isa = PBXFileReference; lastKnownFileType = file.storyboard; name = Base; path = Base.lproj/LaunchScreen.storyboard; sourceTree = "<group>"; };
		4B7D6E931D8374C800A665D9 /* Info.plist */ = {isa = PBXFileReference; lastKnownFileType = text.plist.xml; path = Info.plist; sourceTree = "<group>"; };
		4BB51FC91D84897400B8C6EA /* PostListTableViewController.swift */ = {isa = PBXFileReference; fileEncoding = 4; lastKnownFileType = sourcecode.swift; path = PostListTableViewController.swift; sourceTree = "<group>"; };
		4BB51FCD1D848ED500B8C6EA /* PostDetailTableViewController.swift */ = {isa = PBXFileReference; fileEncoding = 4; lastKnownFileType = sourcecode.swift; path = PostDetailTableViewController.swift; sourceTree = "<group>"; };
		4BB51FCF1D84945700B8C6EA /* AddPostTableViewController.swift */ = {isa = PBXFileReference; fileEncoding = 4; lastKnownFileType = sourcecode.swift; path = AddPostTableViewController.swift; sourceTree = "<group>"; };
		4BB51FD11D8495A900B8C6EA /* SearchResultsTableViewController.swift */ = {isa = PBXFileReference; fileEncoding = 4; lastKnownFileType = sourcecode.swift; path = SearchResultsTableViewController.swift; sourceTree = "<group>"; };
		4BB51FD31D84977000B8C6EA /* Post.swift */ = {isa = PBXFileReference; fileEncoding = 4; lastKnownFileType = sourcecode.swift; path = Post.swift; sourceTree = "<group>"; };
		4BB51FD71D849F2200B8C6EA /* NetworkController.swift */ = {isa = PBXFileReference; fileEncoding = 4; lastKnownFileType = sourcecode.swift; path = NetworkController.swift; sourceTree = "<group>"; };
		4BB51FDC1D849FBC00B8C6EA /* Comment.swift */ = {isa = PBXFileReference; fileEncoding = 4; lastKnownFileType = sourcecode.swift; path = Comment.swift; sourceTree = "<group>"; };
		4BB51FDE1D84A22F00B8C6EA /* PostController.swift */ = {isa = PBXFileReference; fileEncoding = 4; lastKnownFileType = sourcecode.swift; path = PostController.swift; sourceTree = "<group>"; };
		4BB51FE31D84AA4A00B8C6EA /* PostTableViewCell.swift */ = {isa = PBXFileReference; fileEncoding = 4; lastKnownFileType = sourcecode.swift; path = PostTableViewCell.swift; sourceTree = "<group>"; };
		4BB520031D84EA0B00B8C6EA /* TImeline.entitlements */ = {isa = PBXFileReference; lastKnownFileType = text.xml; path = TImeline.entitlements; sourceTree = "<group>"; };
/* End PBXFileReference section */

/* Begin PBXFrameworksBuildPhase section */
		4B7D6E811D8374C800A665D9 /* Frameworks */ = {
			isa = PBXFrameworksBuildPhase;
			buildActionMask = 2147483647;
			files = (
				4B4BB9F61D851153000FD3E8 /* CloudKit.framework in Frameworks */,
			);
			runOnlyForDeploymentPostprocessing = 0;
		};
/* End PBXFrameworksBuildPhase section */

/* Begin PBXGroup section */
		4B7D6E7B1D8374C800A665D9 = {
			isa = PBXGroup;
			children = (
				4B4BB9F51D851153000FD3E8 /* CloudKit.framework */,
				4B7D6E861D8374C800A665D9 /* TImeline */,
				4B7D6E851D8374C800A665D9 /* Products */,
			);
			sourceTree = "<group>";
		};
		4B7D6E851D8374C800A665D9 /* Products */ = {
			isa = PBXGroup;
			children = (
				4B7D6E841D8374C800A665D9 /* TImeline.app */,
			);
			name = Products;
			sourceTree = "<group>";
		};
		4B7D6E861D8374C800A665D9 /* TImeline */ = {
			isa = PBXGroup;
			children = (
				4BB520031D84EA0B00B8C6EA /* TImeline.entitlements */,
				4BB51FE01D84A23D00B8C6EA /* Model Controller */,
				4BB51FE11D84A25300B8C6EA /* View */,
				4BB51FDA1D849F6B00B8C6EA /* View Controllers */,
				4BB51FDB1D849F7700B8C6EA /* Model */,
				4BB51FD91D849F5700B8C6EA /* Controllers */,
				4BB51FE21D84A26D00B8C6EA /* Miscellaneous */,
			);
			path = TImeline;
			sourceTree = "<group>";
		};
		4BB51FD91D849F5700B8C6EA /* Controllers */ = {
			isa = PBXGroup;
			children = (
				4BB51FD71D849F2200B8C6EA /* NetworkController.swift */,
			);
			name = Controllers;
			sourceTree = "<group>";
		};
		4BB51FDA1D849F6B00B8C6EA /* View Controllers */ = {
			isa = PBXGroup;
			children = (
				4B4BBA431D87E555000FD3E8 /* PhotoSelectViewController.swift */,
				4BB51FE31D84AA4A00B8C6EA /* PostTableViewCell.swift */,
				4BB51FD11D8495A900B8C6EA /* SearchResultsTableViewController.swift */,
				4BB51FCF1D84945700B8C6EA /* AddPostTableViewController.swift */,
				4BB51FCD1D848ED500B8C6EA /* PostDetailTableViewController.swift */,
				4BB51FC91D84897400B8C6EA /* PostListTableViewController.swift */,
				4B4BBA941D88D81B000FD3E8 /* CloudKitManager.swift */,
			);
			name = "View Controllers";
			sourceTree = "<group>";
		};
		4BB51FDB1D849F7700B8C6EA /* Model */ = {
			isa = PBXGroup;
			children = (
				4BB51FD31D84977000B8C6EA /* Post.swift */,
				4B4BB9F91D86F3A0000FD3E8 /* SearchableRecord.swift */,
				4BB51FDC1D849FBC00B8C6EA /* Comment.swift */,
			);
			name = Model;
			sourceTree = "<group>";
		};
		4BB51FE01D84A23D00B8C6EA /* Model Controller */ = {
			isa = PBXGroup;
			children = (
				4BB51FDE1D84A22F00B8C6EA /* PostController.swift */,
			);
			name = "Model Controller";
			sourceTree = "<group>";
		};
		4BB51FE11D84A25300B8C6EA /* View */ = {
			isa = PBXGroup;
			children = (
				4B7D6E8B1D8374C800A665D9 /* Main.storyboard */,
				4B7D6E901D8374C800A665D9 /* LaunchScreen.storyboard */,
			);
			name = View;
			sourceTree = "<group>";
		};
		4BB51FE21D84A26D00B8C6EA /* Miscellaneous */ = {
			isa = PBXGroup;
			children = (
				4B7D6E8E1D8374C800A665D9 /* Assets.xcassets */,
				4B7D6E871D8374C800A665D9 /* AppDelegate.swift */,
				4B7D6E931D8374C800A665D9 /* Info.plist */,
			);
			name = Miscellaneous;
			sourceTree = "<group>";
		};
/* End PBXGroup section */

/* Begin PBXNativeTarget section */
		4B7D6E831D8374C800A665D9 /* TImeline */ = {
			isa = PBXNativeTarget;
			buildConfigurationList = 4B7D6E961D8374C800A665D9 /* Build configuration list for PBXNativeTarget "TImeline" */;
			buildPhases = (
				4B7D6E801D8374C800A665D9 /* Sources */,
				4B7D6E811D8374C800A665D9 /* Frameworks */,
				4B7D6E821D8374C800A665D9 /* Resources */,
			);
			buildRules = (
			);
			dependencies = (
			);
			name = TImeline;
			productName = TImeline;
			productReference = 4B7D6E841D8374C800A665D9 /* TImeline.app */;
			productType = "com.apple.product-type.application";
		};
/* End PBXNativeTarget section */

/* Begin PBXProject section */
		4B7D6E7C1D8374C800A665D9 /* Project object */ = {
			isa = PBXProject;
			attributes = {
				LastSwiftUpdateCheck = 0730;
				LastUpgradeCheck = 0730;
				ORGANIZATIONNAME = "Chandi Abey ";
				TargetAttributes = {
					4B7D6E831D8374C800A665D9 = {
						CreatedOnToolsVersion = 7.3.1;
						DevelopmentTeam = GU6XEEN2H9;
						SystemCapabilities = {
							com.apple.iCloud = {
								enabled = 1;
							};
						};
					};
				};
			};
			buildConfigurationList = 4B7D6E7F1D8374C800A665D9 /* Build configuration list for PBXProject "TImeline" */;
			compatibilityVersion = "Xcode 3.2";
			developmentRegion = English;
			hasScannedForEncodings = 0;
			knownRegions = (
				en,
				Base,
			);
			mainGroup = 4B7D6E7B1D8374C800A665D9;
			productRefGroup = 4B7D6E851D8374C800A665D9 /* Products */;
			projectDirPath = "";
			projectRoot = "";
			targets = (
				4B7D6E831D8374C800A665D9 /* TImeline */,
			);
		};
/* End PBXProject section */

/* Begin PBXResourcesBuildPhase section */
		4B7D6E821D8374C800A665D9 /* Resources */ = {
			isa = PBXResourcesBuildPhase;
			buildActionMask = 2147483647;
			files = (
				4B7D6E921D8374C800A665D9 /* LaunchScreen.storyboard in Resources */,
				4B7D6E8F1D8374C800A665D9 /* Assets.xcassets in Resources */,
				4B7D6E8D1D8374C800A665D9 /* Main.storyboard in Resources */,
			);
			runOnlyForDeploymentPostprocessing = 0;
		};
/* End PBXResourcesBuildPhase section */

/* Begin PBXSourcesBuildPhase section */
		4B7D6E801D8374C800A665D9 /* Sources */ = {
			isa = PBXSourcesBuildPhase;
			buildActionMask = 2147483647;
			files = (
				4BB51FE41D84AA4A00B8C6EA /* PostTableViewCell.swift in Sources */,
				4BB51FD81D849F2200B8C6EA /* NetworkController.swift in Sources */,
				4BB51FCA1D84897400B8C6EA /* PostListTableViewController.swift in Sources */,
				4B7D6E881D8374C800A665D9 /* AppDelegate.swift in Sources */,
				4BB51FD21D8495A900B8C6EA /* SearchResultsTableViewController.swift in Sources */,
				4BB51FDF1D84A22F00B8C6EA /* PostController.swift in Sources */,
				4BB51FD41D84977000B8C6EA /* Post.swift in Sources */,
				4BB51FD01D84945700B8C6EA /* AddPostTableViewController.swift in Sources */,
				4BB51FDD1D849FBC00B8C6EA /* Comment.swift in Sources */,
				4BB51FCE1D848ED500B8C6EA /* PostDetailTableViewController.swift in Sources */,
				4B4BB9FA1D86F3A0000FD3E8 /* SearchableRecord.swift in Sources */,
				4B4BBA441D87E555000FD3E8 /* PhotoSelectViewController.swift in Sources */,
				4B4BBA951D88D81B000FD3E8 /* CloudKitManager.swift in Sources */,
			);
			runOnlyForDeploymentPostprocessing = 0;
		};
/* End PBXSourcesBuildPhase section */

/* Begin PBXVariantGroup section */
		4B7D6E8B1D8374C800A665D9 /* Main.storyboard */ = {
			isa = PBXVariantGroup;
			children = (
				4B7D6E8C1D8374C800A665D9 /* Base */,
			);
			name = Main.storyboard;
			sourceTree = "<group>";
		};
		4B7D6E901D8374C800A665D9 /* LaunchScreen.storyboard */ = {
			isa = PBXVariantGroup;
			children = (
				4B7D6E911D8374C800A665D9 /* Base */,
			);
			name = LaunchScreen.storyboard;
			sourceTree = "<group>";
		};
/* End PBXVariantGroup section */

/* Begin XCBuildConfiguration section */
		4B7D6E941D8374C800A665D9 /* Debug */ = {
			isa = XCBuildConfiguration;
			buildSettings = {
				ALWAYS_SEARCH_USER_PATHS = NO;
				CLANG_ANALYZER_NONNULL = YES;
				CLANG_CXX_LANGUAGE_STANDARD = "gnu++0x";
				CLANG_CXX_LIBRARY = "libc++";
				CLANG_ENABLE_MODULES = YES;
				CLANG_ENABLE_OBJC_ARC = YES;
				CLANG_WARN_BOOL_CONVERSION = YES;
				CLANG_WARN_CONSTANT_CONVERSION = YES;
				CLANG_WARN_DIRECT_OBJC_ISA_USAGE = YES_ERROR;
				CLANG_WARN_EMPTY_BODY = YES;
				CLANG_WARN_ENUM_CONVERSION = YES;
				CLANG_WARN_INT_CONVERSION = YES;
				CLANG_WARN_OBJC_ROOT_CLASS = YES_ERROR;
				CLANG_WARN_UNREACHABLE_CODE = YES;
				CLANG_WARN__DUPLICATE_METHOD_MATCH = YES;
				"CODE_SIGN_IDENTITY[sdk=iphoneos*]" = "iPhone Developer";
				COPY_PHASE_STRIP = NO;
				DEBUG_INFORMATION_FORMAT = dwarf;
				ENABLE_STRICT_OBJC_MSGSEND = YES;
				ENABLE_TESTABILITY = YES;
				GCC_C_LANGUAGE_STANDARD = gnu99;
				GCC_DYNAMIC_NO_PIC = NO;
				GCC_NO_COMMON_BLOCKS = YES;
				GCC_OPTIMIZATION_LEVEL = 0;
				GCC_PREPROCESSOR_DEFINITIONS = (
					"DEBUG=1",
					"$(inherited)",
				);
				GCC_WARN_64_TO_32_BIT_CONVERSION = YES;
				GCC_WARN_ABOUT_RETURN_TYPE = YES_ERROR;
				GCC_WARN_UNDECLARED_SELECTOR = YES;
				GCC_WARN_UNINITIALIZED_AUTOS = YES_AGGRESSIVE;
				GCC_WARN_UNUSED_FUNCTION = YES;
				GCC_WARN_UNUSED_VARIABLE = YES;
				IPHONEOS_DEPLOYMENT_TARGET = 9.3;
				MTL_ENABLE_DEBUG_INFO = YES;
				ONLY_ACTIVE_ARCH = YES;
				SDKROOT = iphoneos;
				SWIFT_OPTIMIZATION_LEVEL = "-Onone";
			};
			name = Debug;
		};
		4B7D6E951D8374C800A665D9 /* Release */ = {
			isa = XCBuildConfiguration;
			buildSettings = {
				ALWAYS_SEARCH_USER_PATHS = NO;
				CLANG_ANALYZER_NONNULL = YES;
				CLANG_CXX_LANGUAGE_STANDARD = "gnu++0x";
				CLANG_CXX_LIBRARY = "libc++";
				CLANG_ENABLE_MODULES = YES;
				CLANG_ENABLE_OBJC_ARC = YES;
				CLANG_WARN_BOOL_CONVERSION = YES;
				CLANG_WARN_CONSTANT_CONVERSION = YES;
				CLANG_WARN_DIRECT_OBJC_ISA_USAGE = YES_ERROR;
				CLANG_WARN_EMPTY_BODY = YES;
				CLANG_WARN_ENUM_CONVERSION = YES;
				CLANG_WARN_INT_CONVERSION = YES;
				CLANG_WARN_OBJC_ROOT_CLASS = YES_ERROR;
				CLANG_WARN_UNREACHABLE_CODE = YES;
				CLANG_WARN__DUPLICATE_METHOD_MATCH = YES;
				"CODE_SIGN_IDENTITY[sdk=iphoneos*]" = "iPhone Developer";
				COPY_PHASE_STRIP = NO;
				DEBUG_INFORMATION_FORMAT = "dwarf-with-dsym";
				ENABLE_NS_ASSERTIONS = NO;
				ENABLE_STRICT_OBJC_MSGSEND = YES;
				GCC_C_LANGUAGE_STANDARD = gnu99;
				GCC_NO_COMMON_BLOCKS = YES;
				GCC_WARN_64_TO_32_BIT_CONVERSION = YES;
				GCC_WARN_ABOUT_RETURN_TYPE = YES_ERROR;
				GCC_WARN_UNDECLARED_SELECTOR = YES;
				GCC_WARN_UNINITIALIZED_AUTOS = YES_AGGRESSIVE;
				GCC_WARN_UNUSED_FUNCTION = YES;
				GCC_WARN_UNUSED_VARIABLE = YES;
				IPHONEOS_DEPLOYMENT_TARGET = 9.3;
				MTL_ENABLE_DEBUG_INFO = NO;
				SDKROOT = iphoneos;
				VALIDATE_PRODUCT = YES;
			};
			name = Release;
		};
		4B7D6E971D8374C800A665D9 /* Debug */ = {
			isa = XCBuildConfiguration;
			buildSettings = {
				ASSETCATALOG_COMPILER_APPICON_NAME = AppIcon;
				CODE_SIGN_ENTITLEMENTS = TImeline/TImeline.entitlements;
				CODE_SIGN_IDENTITY = "iPhone Developer";
				"CODE_SIGN_IDENTITY[sdk=iphoneos*]" = "iPhone Developer";
				INFOPLIST_FILE = TImeline/Info.plist;
				LD_RUNPATH_SEARCH_PATHS = "$(inherited) @executable_path/Frameworks";
				PRODUCT_BUNDLE_IDENTIFIER = com.example.TImelineCA;
				PRODUCT_NAME = "$(TARGET_NAME)";
				PROVISIONING_PROFILE = "";
				TARGETED_DEVICE_FAMILY = 1;
			};
			name = Debug;
		};
		4B7D6E981D8374C800A665D9 /* Release */ = {
			isa = XCBuildConfiguration;
			buildSettings = {
				ASSETCATALOG_COMPILER_APPICON_NAME = AppIcon;
				CODE_SIGN_ENTITLEMENTS = TImeline/TImeline.entitlements;
				CODE_SIGN_IDENTITY = "iPhone Developer";
				"CODE_SIGN_IDENTITY[sdk=iphoneos*]" = "iPhone Developer";
				INFOPLIST_FILE = TImeline/Info.plist;
				LD_RUNPATH_SEARCH_PATHS = "$(inherited) @executable_path/Frameworks";
				PRODUCT_BUNDLE_IDENTIFIER = com.example.TImelineCA;
				PRODUCT_NAME = "$(TARGET_NAME)";
				PROVISIONING_PROFILE = "";
				TARGETED_DEVICE_FAMILY = 1;
			};
			name = Release;
		};
/* End XCBuildConfiguration section */

/* Begin XCConfigurationList section */
		4B7D6E7F1D8374C800A665D9 /* Build configuration list for PBXProject "TImeline" */ = {
			isa = XCConfigurationList;
			buildConfigurations = (
				4B7D6E941D8374C800A665D9 /* Debug */,
				4B7D6E951D8374C800A665D9 /* Release */,
			);
			defaultConfigurationIsVisible = 0;
			defaultConfigurationName = Release;
		};
		4B7D6E961D8374C800A665D9 /* Build configuration list for PBXNativeTarget "TImeline" */ = {
			isa = XCConfigurationList;
			buildConfigurations = (
				4B7D6E971D8374C800A665D9 /* Debug */,
				4B7D6E981D8374C800A665D9 /* Release */,
			);
			defaultConfigurationIsVisible = 0;
			defaultConfigurationName = Release;
		};
/* End XCConfigurationList section */
	};
	rootObject = 4B7D6E7C1D8374C800A665D9 /* Project object */;
}
